// !$*UTF8*$!
{
	archiveVersion = 1;
	classes = {
	};
	objectVersion = 46;
	objects = {

/* Begin PBXBuildFile section */
		31FF53AF1D52BB4E00EE1C70 /* main.m in Sources */ = {isa = PBXBuildFile; fileRef = 31FF53AE1D52BB4E00EE1C70 /* main.m */; };
		31FF53B21D52BB4E00EE1C70 /* AppDelegate.m in Sources */ = {isa = PBXBuildFile; fileRef = 31FF53B11D52BB4E00EE1C70 /* AppDelegate.m */; };
		31FF53BA1D52BB4E00EE1C70 /* Assets.xcassets in Resources */ = {isa = PBXBuildFile; fileRef = 31FF53B91D52BB4E00EE1C70 /* Assets.xcassets */; };
		31FF53BD1D52BB4E00EE1C70 /* LaunchScreen.storyboard in Resources */ = {isa = PBXBuildFile; fileRef = 31FF53BB1D52BB4E00EE1C70 /* LaunchScreen.storyboard */; };
		9DA8A22DF345FB34A957A74E /* DRObservableArrayCollectionViewUpdaterTest.m in Sources */ = {isa = PBXBuildFile; fileRef = 9DA8ABA37BA9EDFFCFBD5E68 /* DRObservableArrayCollectionViewUpdaterTest.m */; };
		9DA8A238CCA21BDD5D3623D9 /* UICollectionViewMock.m in Sources */ = {isa = PBXBuildFile; fileRef = 9DA8AD22F2B131062E3AFB86 /* UICollectionViewMock.m */; };
		9DA8A36229E132AD2E426048 /* ExamplesListViewController.m in Sources */ = {isa = PBXBuildFile; fileRef = 9DA8A629C504C0514A9E5A30 /* ExamplesListViewController.m */; };
		9DA8A5564EC2C5B6188B1827 /* CollectionViewUpdaterExampleViewController.m in Sources */ = {isa = PBXBuildFile; fileRef = 9DA8A015F23648588FEFCCAA /* CollectionViewUpdaterExampleViewController.m */; };
		9DA8A57BAD378B24F5C027F0 /* DRObservableArrayTableViewUpdater.m in Sources */ = {isa = PBXBuildFile; fileRef = 9DA8ADC35DA23B834049BD14 /* DRObservableArrayTableViewUpdater.m */; };
		9DA8A625B64052DEC03C965E /* TableViewUpdaterExampleViewController.m in Sources */ = {isa = PBXBuildFile; fileRef = 9DA8A25D4256330C5DD53255 /* TableViewUpdaterExampleViewController.m */; };
		9DA8A76B0F90541451997F1C /* UITableViewMock.m in Sources */ = {isa = PBXBuildFile; fileRef = 9DA8A7D038F66A25A201A7EE /* UITableViewMock.m */; };
		9DA8A8081888DF7234AD6DE3 /* DRGenericObservableArray.m in Sources */ = {isa = PBXBuildFile; fileRef = 9DA8AF99E617FDFCD07FBB36 /* DRGenericObservableArray.m */; };
		9DA8ACFAF75A56CE2EB5A115 /* DRObservableArrayObserversSet.m in Sources */ = {isa = PBXBuildFile; fileRef = 9DA8A31E47166757A4A4D187 /* DRObservableArrayObserversSet.m */; };
		9DA8ADA1526E6392A26EBBF9 /* DRObservableArrayTableViewUpdaterTest.m in Sources */ = {isa = PBXBuildFile; fileRef = 9DA8A3BE8CF53A043902C881 /* DRObservableArrayTableViewUpdaterTest.m */; };
		9DA8AF5B89C7D514232D0611 /* DRGenericObservableArray+Sorting.m in Sources */ = {isa = PBXBuildFile; fileRef = 9DA8A67D53B02D6DC2A4BE1C /* DRGenericObservableArray+Sorting.m */; };
		9DA8AFB8FF7B58AA8B4013D8 /* DRObservableArrayCollectionViewUpdater.m in Sources */ = {isa = PBXBuildFile; fileRef = 9DA8A23A6F80A601A80582BA /* DRObservableArrayCollectionViewUpdater.m */; };
/* End PBXBuildFile section */

/* Begin PBXContainerItemProxy section */
		31F537101D53BEC50094B293 /* PBXContainerItemProxy */ = {
			isa = PBXContainerItemProxy;
			containerPortal = 31FF53A21D52BB4E00EE1C70 /* Project object */;
			proxyType = 1;
			remoteGlobalIDString = 31FF53A91D52BB4E00EE1C70;
			remoteInfo = "DRObservableArrayExample-iOS";
		};
/* End PBXContainerItemProxy section */

/* Begin PBXFileReference section */
		31F5370B1D53BEC50094B293 /* DRObservableArrayTests-iOS.xctest */ = {isa = PBXFileReference; explicitFileType = wrapper.cfbundle; includeInIndex = 0; path = "DRObservableArrayTests-iOS.xctest"; sourceTree = BUILT_PRODUCTS_DIR; };
		31F5370F1D53BEC50094B293 /* Info.plist */ = {isa = PBXFileReference; lastKnownFileType = text.plist.xml; path = Info.plist; sourceTree = "<group>"; };
		31FF53AA1D52BB4E00EE1C70 /* DRObservableArrayExample-iOS.app */ = {isa = PBXFileReference; explicitFileType = wrapper.application; includeInIndex = 0; path = "DRObservableArrayExample-iOS.app"; sourceTree = BUILT_PRODUCTS_DIR; };
		31FF53AE1D52BB4E00EE1C70 /* main.m */ = {isa = PBXFileReference; lastKnownFileType = sourcecode.c.objc; path = main.m; sourceTree = "<group>"; };
		31FF53B01D52BB4E00EE1C70 /* AppDelegate.h */ = {isa = PBXFileReference; lastKnownFileType = sourcecode.c.h; path = AppDelegate.h; sourceTree = "<group>"; };
		31FF53B11D52BB4E00EE1C70 /* AppDelegate.m */ = {isa = PBXFileReference; lastKnownFileType = sourcecode.c.objc; path = AppDelegate.m; sourceTree = "<group>"; };
		31FF53B91D52BB4E00EE1C70 /* Assets.xcassets */ = {isa = PBXFileReference; lastKnownFileType = folder.assetcatalog; path = Assets.xcassets; sourceTree = "<group>"; };
		31FF53BC1D52BB4E00EE1C70 /* Base */ = {isa = PBXFileReference; lastKnownFileType = file.storyboard; name = Base; path = Base.lproj/LaunchScreen.storyboard; sourceTree = "<group>"; };
		31FF53BE1D52BB4E00EE1C70 /* Info.plist */ = {isa = PBXFileReference; lastKnownFileType = text.plist.info; path = Info.plist; sourceTree = "<group>"; };
		9DA8A015F23648588FEFCCAA /* CollectionViewUpdaterExampleViewController.m */ = {isa = PBXFileReference; fileEncoding = 4; lastKnownFileType = sourcecode.c.objc; path = CollectionViewUpdaterExampleViewController.m; sourceTree = "<group>"; };
		9DA8A0B2FAB9AB68B49C3235 /* DRGenericObservableArray+Sorting.h */ = {isa = PBXFileReference; fileEncoding = 4; lastKnownFileType = sourcecode.c.h; path = "DRGenericObservableArray+Sorting.h"; sourceTree = "<group>"; };
		9DA8A220968051C91046353C /* DRObservableArrayObserversSet.h */ = {isa = PBXFileReference; fileEncoding = 4; lastKnownFileType = sourcecode.c.h; path = DRObservableArrayObserversSet.h; sourceTree = "<group>"; };
		9DA8A23A6F80A601A80582BA /* DRObservableArrayCollectionViewUpdater.m */ = {isa = PBXFileReference; fileEncoding = 4; lastKnownFileType = sourcecode.c.objc; path = DRObservableArrayCollectionViewUpdater.m; sourceTree = "<group>"; };
		9DA8A25D4256330C5DD53255 /* TableViewUpdaterExampleViewController.m */ = {isa = PBXFileReference; fileEncoding = 4; lastKnownFileType = sourcecode.c.objc; path = TableViewUpdaterExampleViewController.m; sourceTree = "<group>"; };
		9DA8A31E47166757A4A4D187 /* DRObservableArrayObserversSet.m */ = {isa = PBXFileReference; fileEncoding = 4; lastKnownFileType = sourcecode.c.objc; path = DRObservableArrayObserversSet.m; sourceTree = "<group>"; };
		9DA8A3477E33CAE223917F96 /* DRObservableArrayTableViewUpdater.h */ = {isa = PBXFileReference; fileEncoding = 4; lastKnownFileType = sourcecode.c.h; path = DRObservableArrayTableViewUpdater.h; sourceTree = "<group>"; };
		9DA8A3713461D8DD71C301CB /* DRObservableArrayObserver.h */ = {isa = PBXFileReference; fileEncoding = 4; lastKnownFileType = sourcecode.c.h; path = DRObservableArrayObserver.h; sourceTree = "<group>"; };
		9DA8A3BE8CF53A043902C881 /* DRObservableArrayTableViewUpdaterTest.m */ = {isa = PBXFileReference; fileEncoding = 4; lastKnownFileType = sourcecode.c.objc; path = DRObservableArrayTableViewUpdaterTest.m; sourceTree = "<group>"; };
		9DA8A3C063DCB7E741ABA64E /* DRGenericObservableArray.h */ = {isa = PBXFileReference; fileEncoding = 4; lastKnownFileType = sourcecode.c.h; path = DRGenericObservableArray.h; sourceTree = "<group>"; };
		9DA8A5CBB3BB335528F242EC /* DRObservableArray.h */ = {isa = PBXFileReference; fileEncoding = 4; lastKnownFileType = sourcecode.c.h; path = DRObservableArray.h; sourceTree = "<group>"; };
		9DA8A629C504C0514A9E5A30 /* ExamplesListViewController.m */ = {isa = PBXFileReference; fileEncoding = 4; lastKnownFileType = sourcecode.c.objc; path = ExamplesListViewController.m; sourceTree = "<group>"; };
		9DA8A67D53B02D6DC2A4BE1C /* DRGenericObservableArray+Sorting.m */ = {isa = PBXFileReference; fileEncoding = 4; lastKnownFileType = sourcecode.c.objc; path = "DRGenericObservableArray+Sorting.m"; sourceTree = "<group>"; };
		9DA8A6AEE1EEF3F09FB56906 /* DRObservableArrayCollectionViewUpdater.h */ = {isa = PBXFileReference; fileEncoding = 4; lastKnownFileType = sourcecode.c.h; path = DRObservableArrayCollectionViewUpdater.h; sourceTree = "<group>"; };
		9DA8A7D038F66A25A201A7EE /* UITableViewMock.m */ = {isa = PBXFileReference; fileEncoding = 4; lastKnownFileType = sourcecode.c.objc; path = UITableViewMock.m; sourceTree = "<group>"; };
		9DA8A7D93C35F1102B4BF651 /* CollectionViewUpdaterExampleViewController.h */ = {isa = PBXFileReference; fileEncoding = 4; lastKnownFileType = sourcecode.c.h; path = CollectionViewUpdaterExampleViewController.h; sourceTree = "<group>"; };
		9DA8A92C74E7146650166607 /* UICollectionViewMock.h */ = {isa = PBXFileReference; fileEncoding = 4; lastKnownFileType = sourcecode.c.h; path = UICollectionViewMock.h; sourceTree = "<group>"; };
		9DA8AB2D0D4A0457119B55FA /* ExamplesListViewController.h */ = {isa = PBXFileReference; fileEncoding = 4; lastKnownFileType = sourcecode.c.h; path = ExamplesListViewController.h; sourceTree = "<group>"; };
		9DA8ABA37BA9EDFFCFBD5E68 /* DRObservableArrayCollectionViewUpdaterTest.m */ = {isa = PBXFileReference; fileEncoding = 4; lastKnownFileType = sourcecode.c.objc; path = DRObservableArrayCollectionViewUpdaterTest.m; sourceTree = "<group>"; };
		9DA8AC65C742F4BBF4161F4D /* TableViewUpdaterExampleViewController.h */ = {isa = PBXFileReference; fileEncoding = 4; lastKnownFileType = sourcecode.c.h; path = TableViewUpdaterExampleViewController.h; sourceTree = "<group>"; };
		9DA8AC8F97546AC825CE8209 /* UITableViewMock.h */ = {isa = PBXFileReference; fileEncoding = 4; lastKnownFileType = sourcecode.c.h; path = UITableViewMock.h; sourceTree = "<group>"; };
		9DA8AD22F2B131062E3AFB86 /* UICollectionViewMock.m */ = {isa = PBXFileReference; fileEncoding = 4; lastKnownFileType = sourcecode.c.objc; path = UICollectionViewMock.m; sourceTree = "<group>"; };
		9DA8AD3A2D496089996E370F /* DRObservableMutableArray.h */ = {isa = PBXFileReference; fileEncoding = 4; lastKnownFileType = sourcecode.c.h; path = DRObservableMutableArray.h; sourceTree = "<group>"; };
		9DA8ADC35DA23B834049BD14 /* DRObservableArrayTableViewUpdater.m */ = {isa = PBXFileReference; fileEncoding = 4; lastKnownFileType = sourcecode.c.objc; path = DRObservableArrayTableViewUpdater.m; sourceTree = "<group>"; };
		9DA8AF99E617FDFCD07FBB36 /* DRGenericObservableArray.m */ = {isa = PBXFileReference; fileEncoding = 4; lastKnownFileType = sourcecode.c.objc; path = DRGenericObservableArray.m; sourceTree = "<group>"; };
/* End PBXFileReference section */

/* Begin PBXFrameworksBuildPhase section */
		31F537081D53BEC50094B293 /* Frameworks */ = {
			isa = PBXFrameworksBuildPhase;
			buildActionMask = 2147483647;
			files = (
			);
			runOnlyForDeploymentPostprocessing = 0;
		};
		31FF53A71D52BB4E00EE1C70 /* Frameworks */ = {
			isa = PBXFrameworksBuildPhase;
			buildActionMask = 2147483647;
			files = (
			);
			runOnlyForDeploymentPostprocessing = 0;
		};
/* End PBXFrameworksBuildPhase section */

/* Begin PBXGroup section */
		31F5370C1D53BEC50094B293 /* DRObservableArrayTests-iOS */ = {
			isa = PBXGroup;
			children = (
				9DA8A3BE8CF53A043902C881 /* DRObservableArrayTableViewUpdaterTest.m */,
				9DA8A032A81D0E72D5D7236F /* Mocks */,
				31F537151D53BF260094B293 /* Supporting Files */,
				9DA8ABA37BA9EDFFCFBD5E68 /* DRObservableArrayCollectionViewUpdaterTest.m */,
				9DA8A34F7D20E9C67893EBB1 /* Helpers */,
			);
			path = "DRObservableArrayTests-iOS";
			sourceTree = "<group>";
		};
		31F537151D53BF260094B293 /* Supporting Files */ = {
			isa = PBXGroup;
			children = (
				31F5370F1D53BEC50094B293 /* Info.plist */,
			);
			path = "Supporting Files";
			sourceTree = "<group>";
		};
		31FF53A11D52BB4E00EE1C70 = {
			isa = PBXGroup;
			children = (
				31FF53C41D52BBC700EE1C70 /* DRObservableArray */,
				31FF53AC1D52BB4E00EE1C70 /* DRObservableArrayExample-iOS */,
				31F5370C1D53BEC50094B293 /* DRObservableArrayTests-iOS */,
				31FF53AB1D52BB4E00EE1C70 /* Products */,
			);
			sourceTree = "<group>";
		};
		31FF53AB1D52BB4E00EE1C70 /* Products */ = {
			isa = PBXGroup;
			children = (
				31FF53AA1D52BB4E00EE1C70 /* DRObservableArrayExample-iOS.app */,
				31F5370B1D53BEC50094B293 /* DRObservableArrayTests-iOS.xctest */,
			);
			name = Products;
			sourceTree = "<group>";
		};
		31FF53AC1D52BB4E00EE1C70 /* DRObservableArrayExample-iOS */ = {
			isa = PBXGroup;
			children = (
				31FF53C51D52BBEB00EE1C70 /* Application */,
				31FF53C71D52BC3600EE1C70 /* Resources */,
				31FF53AD1D52BB4E00EE1C70 /* Supporting Files */,
				31FF53C61D52BC0900EE1C70 /* UI */,
			);
			path = "DRObservableArrayExample-iOS";
			sourceTree = "<group>";
		};
		31FF53AD1D52BB4E00EE1C70 /* Supporting Files */ = {
			isa = PBXGroup;
			children = (
				31FF53BE1D52BB4E00EE1C70 /* Info.plist */,
				31FF53AE1D52BB4E00EE1C70 /* main.m */,
			);
			path = "Supporting Files";
			sourceTree = "<group>";
		};
		31FF53C41D52BBC700EE1C70 /* DRObservableArray */ = {
			isa = PBXGroup;
			children = (
				9DA8A82CD27BEA38E3491862 /* iOS */,
				9DA8AEE4BCD448A0AC47AF38 /* Common */,
			);
			path = DRObservableArray;
			sourceTree = "<group>";
		};
		31FF53C51D52BBEB00EE1C70 /* Application */ = {
			isa = PBXGroup;
			children = (
				31FF53B01D52BB4E00EE1C70 /* AppDelegate.h */,
				31FF53B11D52BB4E00EE1C70 /* AppDelegate.m */,
			);
			path = Application;
			sourceTree = "<group>";
		};
		31FF53C61D52BC0900EE1C70 /* UI */ = {
			isa = PBXGroup;
			children = (
				31FF53BB1D52BB4E00EE1C70 /* LaunchScreen.storyboard */,
				9DA8A9A33A4D8F5F13B5EBBC /* TableViewUpdaterExample */,
				9DA8A3E8B34FBCDA4AC0C20B /* ExamplesList */,
				9DA8AA83BC64F96EF4BAF2AF /* CollectionViewUpdaterExample */,
			);
			path = UI;
			sourceTree = "<group>";
		};
		31FF53C71D52BC3600EE1C70 /* Resources */ = {
			isa = PBXGroup;
			children = (
				31FF53B91D52BB4E00EE1C70 /* Assets.xcassets */,
			);
			path = Resources;
			sourceTree = "<group>";
		};
		9DA8A032A81D0E72D5D7236F /* Mocks */ = {
			isa = PBXGroup;
			children = (
				9DA8AC8F97546AC825CE8209 /* UITableViewMock.h */,
				9DA8A7D038F66A25A201A7EE /* UITableViewMock.m */,
				9DA8AD22F2B131062E3AFB86 /* UICollectionViewMock.m */,
				9DA8A92C74E7146650166607 /* UICollectionViewMock.h */,
			);
			path = Mocks;
			sourceTree = "<group>";
		};
		9DA8A34F7D20E9C67893EBB1 /* Helpers */ = {
			isa = PBXGroup;
			children = (
				9DA8A67D53B02D6DC2A4BE1C /* DRGenericObservableArray+Sorting.m */,
				9DA8A0B2FAB9AB68B49C3235 /* DRGenericObservableArray+Sorting.h */,
			);
			path = Helpers;
			sourceTree = "<group>";
		};
		9DA8A3E8B34FBCDA4AC0C20B /* ExamplesList */ = {
			isa = PBXGroup;
			children = (
				9DA8AB2D0D4A0457119B55FA /* ExamplesListViewController.h */,
				9DA8A629C504C0514A9E5A30 /* ExamplesListViewController.m */,
			);
			path = ExamplesList;
			sourceTree = "<group>";
		};
		9DA8A82CD27BEA38E3491862 /* iOS */ = {
			isa = PBXGroup;
			children = (
				9DA8ADC35DA23B834049BD14 /* DRObservableArrayTableViewUpdater.m */,
				9DA8A3477E33CAE223917F96 /* DRObservableArrayTableViewUpdater.h */,
				9DA8A23A6F80A601A80582BA /* DRObservableArrayCollectionViewUpdater.m */,
				9DA8A6AEE1EEF3F09FB56906 /* DRObservableArrayCollectionViewUpdater.h */,
			);
			path = iOS;
			sourceTree = "<group>";
		};
		9DA8A9A33A4D8F5F13B5EBBC /* TableViewUpdaterExample */ = {
			isa = PBXGroup;
			children = (
				9DA8AC65C742F4BBF4161F4D /* TableViewUpdaterExampleViewController.h */,
				9DA8A25D4256330C5DD53255 /* TableViewUpdaterExampleViewController.m */,
			);
			path = TableViewUpdaterExample;
			sourceTree = "<group>";
		};
		9DA8AA83BC64F96EF4BAF2AF /* CollectionViewUpdaterExample */ = {
			isa = PBXGroup;
			children = (
				9DA8A015F23648588FEFCCAA /* CollectionViewUpdaterExampleViewController.m */,
				9DA8A7D93C35F1102B4BF651 /* CollectionViewUpdaterExampleViewController.h */,
			);
			path = CollectionViewUpdaterExample;
			sourceTree = "<group>";
		};
		9DA8AEE4BCD448A0AC47AF38 /* Common */ = {
			isa = PBXGroup;
			children = (
				9DA8A3C063DCB7E741ABA64E /* DRGenericObservableArray.h */,
				9DA8AF99E617FDFCD07FBB36 /* DRGenericObservableArray.m */,
				9DA8A5CBB3BB335528F242EC /* DRObservableArray.h */,
				9DA8A3713461D8DD71C301CB /* DRObservableArrayObserver.h */,
				9DA8A220968051C91046353C /* DRObservableArrayObserversSet.h */,
				9DA8A31E47166757A4A4D187 /* DRObservableArrayObserversSet.m */,
				9DA8AD3A2D496089996E370F /* DRObservableMutableArray.h */,
			);
			path = Common;
			sourceTree = "<group>";
		};
/* End PBXGroup section */

/* Begin PBXNativeTarget section */
		31F5370A1D53BEC50094B293 /* DRObservableArrayTests-iOS */ = {
			isa = PBXNativeTarget;
			buildConfigurationList = 31F537121D53BEC50094B293 /* Build configuration list for PBXNativeTarget "DRObservableArrayTests-iOS" */;
			buildPhases = (
				31F537071D53BEC50094B293 /* Sources */,
				31F537081D53BEC50094B293 /* Frameworks */,
				31F537091D53BEC50094B293 /* Resources */,
			);
			buildRules = (
			);
			dependencies = (
				31F537111D53BEC50094B293 /* PBXTargetDependency */,
			);
			name = "DRObservableArrayTests-iOS";
			productName = "DRObservableArrayTests-iOS";
			productReference = 31F5370B1D53BEC50094B293 /* DRObservableArrayTests-iOS.xctest */;
			productType = "com.apple.product-type.bundle.unit-test";
		};
		31FF53A91D52BB4E00EE1C70 /* DRObservableArrayExample-iOS */ = {
			isa = PBXNativeTarget;
			buildConfigurationList = 31FF53C11D52BB4E00EE1C70 /* Build configuration list for PBXNativeTarget "DRObservableArrayExample-iOS" */;
			buildPhases = (
				31FF53A61D52BB4E00EE1C70 /* Sources */,
				31FF53A71D52BB4E00EE1C70 /* Frameworks */,
				31FF53A81D52BB4E00EE1C70 /* Resources */,
			);
			buildRules = (
			);
			dependencies = (
			);
			name = "DRObservableArrayExample-iOS";
			productName = DRObservableArrayExample;
			productReference = 31FF53AA1D52BB4E00EE1C70 /* DRObservableArrayExample-iOS.app */;
			productType = "com.apple.product-type.application";
		};
/* End PBXNativeTarget section */

/* Begin PBXProject section */
		31FF53A21D52BB4E00EE1C70 /* Project object */ = {
			isa = PBXProject;
			attributes = {
				LastUpgradeCheck = 0730;
				ORGANIZATIONNAME = Darrarski;
				TargetAttributes = {
					31F5370A1D53BEC50094B293 = {
						CreatedOnToolsVersion = 7.3.1;
						TestTargetID = 31FF53A91D52BB4E00EE1C70;
					};
					31FF53A91D52BB4E00EE1C70 = {
						CreatedOnToolsVersion = 7.3.1;
					};
				};
			};
			buildConfigurationList = 31FF53A51D52BB4E00EE1C70 /* Build configuration list for PBXProject "DRObservableArrayExample" */;
			compatibilityVersion = "Xcode 3.2";
			developmentRegion = English;
			hasScannedForEncodings = 0;
			knownRegions = (
				en,
				Base,
			);
			mainGroup = 31FF53A11D52BB4E00EE1C70;
			productRefGroup = 31FF53AB1D52BB4E00EE1C70 /* Products */;
			projectDirPath = "";
			projectRoot = "";
			targets = (
				31FF53A91D52BB4E00EE1C70 /* DRObservableArrayExample-iOS */,
				31F5370A1D53BEC50094B293 /* DRObservableArrayTests-iOS */,
			);
		};
/* End PBXProject section */

/* Begin PBXResourcesBuildPhase section */
		31F537091D53BEC50094B293 /* Resources */ = {
			isa = PBXResourcesBuildPhase;
			buildActionMask = 2147483647;
			files = (
			);
			runOnlyForDeploymentPostprocessing = 0;
		};
		31FF53A81D52BB4E00EE1C70 /* Resources */ = {
			isa = PBXResourcesBuildPhase;
			buildActionMask = 2147483647;
			files = (
				31FF53BD1D52BB4E00EE1C70 /* LaunchScreen.storyboard in Resources */,
				31FF53BA1D52BB4E00EE1C70 /* Assets.xcassets in Resources */,
			);
			runOnlyForDeploymentPostprocessing = 0;
		};
/* End PBXResourcesBuildPhase section */

/* Begin PBXSourcesBuildPhase section */
		31F537071D53BEC50094B293 /* Sources */ = {
			isa = PBXSourcesBuildPhase;
			buildActionMask = 2147483647;
			files = (
				9DA8ADA1526E6392A26EBBF9 /* DRObservableArrayTableViewUpdaterTest.m in Sources */,
				9DA8A76B0F90541451997F1C /* UITableViewMock.m in Sources */,
				9DA8A238CCA21BDD5D3623D9 /* UICollectionViewMock.m in Sources */,
				9DA8A22DF345FB34A957A74E /* DRObservableArrayCollectionViewUpdaterTest.m in Sources */,
				9DA8AF5B89C7D514232D0611 /* DRGenericObservableArray+Sorting.m in Sources */,
			);
			runOnlyForDeploymentPostprocessing = 0;
		};
		31FF53A61D52BB4E00EE1C70 /* Sources */ = {
			isa = PBXSourcesBuildPhase;
			buildActionMask = 2147483647;
			files = (
				31FF53B21D52BB4E00EE1C70 /* AppDelegate.m in Sources */,
				31FF53AF1D52BB4E00EE1C70 /* main.m in Sources */,
				9DA8A57BAD378B24F5C027F0 /* DRObservableArrayTableViewUpdater.m in Sources */,
				9DA8A8081888DF7234AD6DE3 /* DRGenericObservableArray.m in Sources */,
				9DA8ACFAF75A56CE2EB5A115 /* DRObservableArrayObserversSet.m in Sources */,
				9DA8A625B64052DEC03C965E /* TableViewUpdaterExampleViewController.m in Sources */,
				9DA8A36229E132AD2E426048 /* ExamplesListViewController.m in Sources */,
				9DA8A5564EC2C5B6188B1827 /* CollectionViewUpdaterExampleViewController.m in Sources */,
				9DA8AFB8FF7B58AA8B4013D8 /* DRObservableArrayCollectionViewUpdater.m in Sources */,
			);
			runOnlyForDeploymentPostprocessing = 0;
		};
/* End PBXSourcesBuildPhase section */

/* Begin PBXTargetDependency section */
		31F537111D53BEC50094B293 /* PBXTargetDependency */ = {
			isa = PBXTargetDependency;
			target = 31FF53A91D52BB4E00EE1C70 /* DRObservableArrayExample-iOS */;
			targetProxy = 31F537101D53BEC50094B293 /* PBXContainerItemProxy */;
		};
/* End PBXTargetDependency section */

/* Begin PBXVariantGroup section */
		31FF53BB1D52BB4E00EE1C70 /* LaunchScreen.storyboard */ = {
			isa = PBXVariantGroup;
			children = (
				31FF53BC1D52BB4E00EE1C70 /* Base */,
			);
			name = LaunchScreen.storyboard;
			sourceTree = "<group>";
		};
/* End PBXVariantGroup section */

/* Begin XCBuildConfiguration section */
		31F537131D53BEC50094B293 /* Debug */ = {
			isa = XCBuildConfiguration;
			buildSettings = {
				BUNDLE_LOADER = "$(TEST_HOST)";
				INFOPLIST_FILE = "DRObservableArrayTests-iOS/Supporting Files/Info.plist";
				IPHONEOS_DEPLOYMENT_TARGET = 9.3;
				LD_RUNPATH_SEARCH_PATHS = "$(inherited) @executable_path/Frameworks @loader_path/Frameworks";
				PRODUCT_BUNDLE_IDENTIFIER = "pl.darrarski.DRObservableArrayTests-iOS";
				PRODUCT_NAME = "$(TARGET_NAME)";
				TEST_HOST = "$(BUILT_PRODUCTS_DIR)/DRObservableArrayExample-iOS.app/DRObservableArrayExample-iOS";
			};
			name = Debug;
		};
		31F537141D53BEC50094B293 /* Release */ = {
			isa = XCBuildConfiguration;
			buildSettings = {
				BUNDLE_LOADER = "$(TEST_HOST)";
				INFOPLIST_FILE = "DRObservableArrayTests-iOS/Supporting Files/Info.plist";
				IPHONEOS_DEPLOYMENT_TARGET = 9.3;
				LD_RUNPATH_SEARCH_PATHS = "$(inherited) @executable_path/Frameworks @loader_path/Frameworks";
				PRODUCT_BUNDLE_IDENTIFIER = "pl.darrarski.DRObservableArrayTests-iOS";
				PRODUCT_NAME = "$(TARGET_NAME)";
				TEST_HOST = "$(BUILT_PRODUCTS_DIR)/DRObservableArrayExample-iOS.app/DRObservableArrayExample-iOS";
			};
			name = Release;
		};
		31FF53BF1D52BB4E00EE1C70 /* Debug */ = {
			isa = XCBuildConfiguration;
			buildSettings = {
				ALWAYS_SEARCH_USER_PATHS = NO;
				CLANG_ANALYZER_NONNULL = YES;
				CLANG_CXX_LANGUAGE_STANDARD = "gnu++0x";
				CLANG_CXX_LIBRARY = "libc++";
				CLANG_ENABLE_MODULES = YES;
				CLANG_ENABLE_OBJC_ARC = YES;
				CLANG_WARN_BOOL_CONVERSION = YES;
				CLANG_WARN_CONSTANT_CONVERSION = YES;
				CLANG_WARN_DIRECT_OBJC_ISA_USAGE = YES_ERROR;
				CLANG_WARN_EMPTY_BODY = YES;
				CLANG_WARN_ENUM_CONVERSION = YES;
				CLANG_WARN_INT_CONVERSION = YES;
				CLANG_WARN_OBJC_ROOT_CLASS = YES_ERROR;
				CLANG_WARN_UNREACHABLE_CODE = YES;
				CLANG_WARN__DUPLICATE_METHOD_MATCH = YES;
				"CODE_SIGN_IDENTITY[sdk=iphoneos*]" = "iPhone Developer";
				COPY_PHASE_STRIP = NO;
				DEBUG_INFORMATION_FORMAT = dwarf;
				ENABLE_STRICT_OBJC_MSGSEND = YES;
				ENABLE_TESTABILITY = YES;
				GCC_C_LANGUAGE_STANDARD = gnu99;
				GCC_DYNAMIC_NO_PIC = NO;
				GCC_NO_COMMON_BLOCKS = YES;
				GCC_OPTIMIZATION_LEVEL = 0;
				GCC_PREPROCESSOR_DEFINITIONS = (
					"DEBUG=1",
					"$(inherited)",
				);
				GCC_WARN_64_TO_32_BIT_CONVERSION = YES;
				GCC_WARN_ABOUT_RETURN_TYPE = YES_ERROR;
				GCC_WARN_UNDECLARED_SELECTOR = YES;
				GCC_WARN_UNINITIALIZED_AUTOS = YES_AGGRESSIVE;
				GCC_WARN_UNUSED_FUNCTION = YES;
				GCC_WARN_UNUSED_VARIABLE = YES;
				IPHONEOS_DEPLOYMENT_TARGET = 8.0;
				MTL_ENABLE_DEBUG_INFO = YES;
				ONLY_ACTIVE_ARCH = YES;
				SDKROOT = iphoneos;
			};
			name = Debug;
		};
		31FF53C01D52BB4E00EE1C70 /* Release */ = {
			isa = XCBuildConfiguration;
			buildSettings = {
				ALWAYS_SEARCH_USER_PATHS = NO;
				CLANG_ANALYZER_NONNULL = YES;
				CLANG_CXX_LANGUAGE_STANDARD = "gnu++0x";
				CLANG_CXX_LIBRARY = "libc++";
				CLANG_ENABLE_MODULES = YES;
				CLANG_ENABLE_OBJC_ARC = YES;
				CLANG_WARN_BOOL_CONVERSION = YES;
				CLANG_WARN_CONSTANT_CONVERSION = YES;
				CLANG_WARN_DIRECT_OBJC_ISA_USAGE = YES_ERROR;
				CLANG_WARN_EMPTY_BODY = YES;
				CLANG_WARN_ENUM_CONVERSION = YES;
				CLANG_WARN_INT_CONVERSION = YES;
				CLANG_WARN_OBJC_ROOT_CLASS = YES_ERROR;
				CLANG_WARN_UNREACHABLE_CODE = YES;
				CLANG_WARN__DUPLICATE_METHOD_MATCH = YES;
				"CODE_SIGN_IDENTITY[sdk=iphoneos*]" = "iPhone Developer";
				COPY_PHASE_STRIP = NO;
				DEBUG_INFORMATION_FORMAT = "dwarf-with-dsym";
				ENABLE_NS_ASSERTIONS = NO;
				ENABLE_STRICT_OBJC_MSGSEND = YES;
				GCC_C_LANGUAGE_STANDARD = gnu99;
				GCC_NO_COMMON_BLOCKS = YES;
				GCC_WARN_64_TO_32_BIT_CONVERSION = YES;
				GCC_WARN_ABOUT_RETURN_TYPE = YES_ERROR;
				GCC_WARN_UNDECLARED_SELECTOR = YES;
				GCC_WARN_UNINITIALIZED_AUTOS = YES_AGGRESSIVE;
				GCC_WARN_UNUSED_FUNCTION = YES;
				GCC_WARN_UNUSED_VARIABLE = YES;
				IPHONEOS_DEPLOYMENT_TARGET = 8.0;
				MTL_ENABLE_DEBUG_INFO = NO;
				SDKROOT = iphoneos;
				VALIDATE_PRODUCT = YES;
			};
			name = Release;
		};
		31FF53C21D52BB4E00EE1C70 /* Debug */ = {
			isa = XCBuildConfiguration;
			buildSettings = {
				ASSETCATALOG_COMPILER_APPICON_NAME = AppIcon;
				INFOPLIST_FILE = "DRObservableArrayExample-iOS/Supporting Files/Info.plist";
				LD_RUNPATH_SEARCH_PATHS = "$(inherited) @executable_path/Frameworks";
				PRODUCT_BUNDLE_IDENTIFIER = "pl.darrarski.DRObservableArrayExample-iOS";
				PRODUCT_NAME = "$(TARGET_NAME)";
			};
			name = Debug;
		};
		31FF53C31D52BB4E00EE1C70 /* Release */ = {
			isa = XCBuildConfiguration;
			buildSettings = {
				ASSETCATALOG_COMPILER_APPICON_NAME = AppIcon;
				INFOPLIST_FILE = "DRObservableArrayExample-iOS/Supporting Files/Info.plist";
				LD_RUNPATH_SEARCH_PATHS = "$(inherited) @executable_path/Frameworks";
				PRODUCT_BUNDLE_IDENTIFIER = "pl.darrarski.DRObservableArrayExample-iOS";
				PRODUCT_NAME = "$(TARGET_NAME)";
			};
			name = Release;
		};
/* End XCBuildConfiguration section */

/* Begin XCConfigurationList section */
		31F537121D53BEC50094B293 /* Build configuration list for PBXNativeTarget "DRObservableArrayTests-iOS" */ = {
			isa = XCConfigurationList;
			buildConfigurations = (
				31F537131D53BEC50094B293 /* Debug */,
				31F537141D53BEC50094B293 /* Release */,
			);
			defaultConfigurationIsVisible = 0;
			defaultConfigurationName = Release;
		};
		31FF53A51D52BB4E00EE1C70 /* Build configuration list for PBXProject "DRObservableArrayExample" */ = {
			isa = XCConfigurationList;
			buildConfigurations = (
				31FF53BF1D52BB4E00EE1C70 /* Debug */,
				31FF53C01D52BB4E00EE1C70 /* Release */,
			);
			defaultConfigurationIsVisible = 0;
			defaultConfigurationName = Release;
		};
		31FF53C11D52BB4E00EE1C70 /* Build configuration list for PBXNativeTarget "DRObservableArrayExample-iOS" */ = {
			isa = XCConfigurationList;
			buildConfigurations = (
				31FF53C21D52BB4E00EE1C70 /* Debug */,
				31FF53C31D52BB4E00EE1C70 /* Release */,
			);
			defaultConfigurationIsVisible = 0;
			defaultConfigurationName = Release;
		};
/* End XCConfigurationList section */
	};
	rootObject = 31FF53A21D52BB4E00EE1C70 /* Project object */;
}
